
Microsoft Visual Studio Solution File, Format Version 12.00
# Visual Studio Version 16
VisualStudioVersion = 16.0.32802.440
MinimumVisualStudioVersion = 10.0.40219.1
Project("{FAE04EC0-301F-11D3-BF4B-00C04F79EFBC}") = "AddFlight", "AddFlight\AddFlight.csproj", "{42D5EA72-28AB-4653-9645-49CFD2ECB7A2}"
EndProject
Global
	GlobalSection(SolutionConfigurationPlatforms) = preSolution
		Debug|Any CPU = Debug|Any CPU
		Release|Any CPU = Release|Any CPU
	EndGlobalSection
	GlobalSection(ProjectConfigurationPlatforms) = postSolution
		{42D5EA72-28AB-4653-9645-49CFD2ECB7A2}.Debug|Any CPU.ActiveCfg = Debug|Any CPU
		{42D5EA72-28AB-4653-9645-49CFD2ECB7A2}.Debug|Any CPU.Build.0 = Debug|Any CPU
		{42D5EA72-28AB-4653-9645-49CFD2ECB7A2}.Release|Any CPU.ActiveCfg = Release|Any CPU
		{42D5EA72-28AB-4653-9645-49CFD2ECB7A2}.Release|Any CPU.Build.0 = Release|Any CPU
	EndGlobalSection
	GlobalSection(SolutionProperties) = preSolution
		HideSolutionNode = FALSE
	EndGlobalSection
	GlobalSection(ExtensibilityGlobals) = postSolution
		SolutionGuid = {24E3741B-AC02-4EED-AEC8-C37E3825F0DC}
	EndGlobalSection
EndGlobal
